<?xml version="1.0" encoding="utf-8"?>
<Project ToolsVersion="4.0" xmlns="http://schemas.microsoft.com/developer/msbuild/2003">
  <ItemGroup>
    <Filter Include="Source Files">
      <UniqueIdentifier>{4FC737F1-C7A5-4376-A066-2A32D752A2FF}</UniqueIdentifier>
      <Extensions>cpp;c;cc;cxx;def;odl;idl;hpj;bat;asm;asmx</Extensions>
    </Filter>
    <Filter Include="Header Files">
      <UniqueIdentifier>{93995380-89BD-4b04-88EB-625FBE52EBFB}</UniqueIdentifier>
      <Extensions>h;hh;hpp;hxx;hm;inl;inc;xsd</Extensions>
    </Filter>
    <Filter Include="Resource Files">
      <UniqueIdentifier>{67DA6AB6-F800-4c08-8B7A-83BB121AAD01}</UniqueIdentifier>
      <Extensions>rc;ico;cur;bmp;dlg;rc2;rct;bin;rgs;gif;jpg;jpeg;jpe;resx;tiff;tif;png;wav;mfcribbon-ms</Extensions>
    </Filter>
    <Filter Include="Source Files\Shaders">
      <UniqueIdentifier>{ea5c64cb-792f-4e3e-ae75-517508be75f5}</UniqueIdentifier>
    </Filter>
  </ItemGroup>
  <ItemGroup>
    <ClCompile Include="..\src\LPV.cpp">
      <Filter>Source Files</Filter>
    </ClCompile>
    <ClCompile Include="..\src\CTextureViewer.cpp">
      <Filter>Source Files</Filter>
    </ClCompile>
    <ClCompile Include="..\src\GLSLShader\GLSLShader.cpp">
      <Filter>Source Files</Filter>
    </ClCompile>
    <ClCompile Include="..\src\Mesh\Mesh.cpp">
      <Filter>Source Files</Filter>
    </ClCompile>
    <ClCompile Include="..\src\camera\controlCamera.cpp">
      <Filter>Source Files</Filter>
    </ClCompile>
    <ClCompile Include="..\src\CLightObject.cpp">
      <Filter>Source Files</Filter>
    </ClCompile>
    <ClCompile Include="..\src\fboManager.cpp">
      <Filter>Source Files</Filter>
    </ClCompile>
    <ClCompile Include="..\src\textureManager.cpp">
      <Filter>Source Files</Filter>
    </ClCompile>
    <ClCompile Include="..\src\texUtils.cpp">
      <Filter>Source Files</Filter>
    </ClCompile>
    <ClCompile Include="..\src\CBoundingBox.cpp">
      <Filter>Source Files</Filter>
    </ClCompile>
  </ItemGroup>
  <ItemGroup>
    <ClInclude Include="..\src\common.h">
      <Filter>Header Files</Filter>
    </ClInclude>
    <ClInclude Include="..\src\CTextureViewer.h">
      <Filter>Header Files</Filter>
    </ClInclude>
    <ClInclude Include="..\src\GLSLShader\GLSLShader.h">
      <Filter>Header Files</Filter>
    </ClInclude>
    <ClInclude Include="..\src\Mesh\Mesh.h">
      <Filter>Header Files</Filter>
    </ClInclude>
    <ClInclude Include="..\src\camera\controlCamera.h">
      <Filter>Header Files</Filter>
    </ClInclude>
    <ClInclude Include="..\src\CLightObject.h">
      <Filter>Header Files</Filter>
    </ClInclude>
    <ClInclude Include="..\src\fboManager.h">
      <Filter>Header Files</Filter>
    </ClInclude>
    <ClInclude Include="..\src\textureManager.h">
      <Filter>Header Files</Filter>
    </ClInclude>
    <ClInclude Include="..\src\texUtils.h">
      <Filter>Header Files</Filter>
    </ClInclude>
    <ClInclude Include="..\src\CBoundingBox.h">
      <Filter>Header Files</Filter>
    </ClInclude>
  </ItemGroup>
  <ItemGroup>
    <None Include="..\shaders\textureViewer.frag">
      <Filter>Source Files\Shaders</Filter>
    </None>
    <None Include="..\shaders\textureViewer.vs">
      <Filter>Source Files\Shaders</Filter>
    </None>
    <None Include="..\shaders\basicShader.vs">
      <Filter>Source Files\Shaders</Filter>
    </None>
    <None Include="..\shaders\basicShader.frag">
      <Filter>Source Files\Shaders</Filter>
    </None>
    <None Include="..\shaders\RSMpass.frag">
      <Filter>Source Files\Shaders</Filter>
    </None>
    <None Include="..\shaders\RSMpass.vs">
      <Filter>Source Files\Shaders</Filter>
    </None>
  </ItemGroup>
</Project>